
Microsoft Visual Studio Solution File, Format Version 12.00
# Visual Studio 15
VisualStudioVersion = 15.0.26124.0
MinimumVisualStudioVersion = 15.0.26124.0
Project("{FAE04EC0-301F-11D3-BF4B-00C04F79EFBC}") = "Blobzor.Blazor", "Blobzor.Blazor\Blobzor.Blazor.csproj", "{86E06CF4-E481-4693-A6FB-1EF797B2D09A}"
EndProject
Project("{FAE04EC0-301F-11D3-BF4B-00C04F79EFBC}") = "Blobzor.Core", "Blobzor.Core\Blobzor.Core.csproj", "{4FA2483A-FAB7-4DF8-98FB-4B43D3A787F7}"
EndProject
Project("{FAE04EC0-301F-11D3-BF4B-00C04F79EFBC}") = "Blobzor.Data", "Blobzor.Data\Blobzor.Data.csproj", "{D8DA73B0-6BC0-4F23-9545-F5D3F7B86645}"
EndProject
Project("{FAE04EC0-301F-11D3-BF4B-00C04F79EFBC}") = "Blobzor.Data.Test", "Blobzor.Data.Test\Blobzor.Data.Test.csproj", "{B2305B9F-901B-48F6-8868-021AD2541063}"
EndProject
Project("{FAE04EC0-301F-11D3-BF4B-00C04F79EFBC}") = "Blobzor.Core.Test", "Blobzor.Core.Test\Blobzor.Core.Test.csproj", "{E878758B-ABDD-4DA8-B6D9-9591A3A4C65B}"
EndProject
Global
	GlobalSection(SolutionConfigurationPlatforms) = preSolution
		Debug|Any CPU = Debug|Any CPU
		Debug|x64 = Debug|x64
		Debug|x86 = Debug|x86
		Release|Any CPU = Release|Any CPU
		Release|x64 = Release|x64
		Release|x86 = Release|x86
	EndGlobalSection
	GlobalSection(SolutionProperties) = preSolution
		HideSolutionNode = FALSE
	EndGlobalSection
	GlobalSection(ProjectConfigurationPlatforms) = postSolution
		{86E06CF4-E481-4693-A6FB-1EF797B2D09A}.Debug|Any CPU.ActiveCfg = Debug|Any CPU
		{86E06CF4-E481-4693-A6FB-1EF797B2D09A}.Debug|Any CPU.Build.0 = Debug|Any CPU
		{86E06CF4-E481-4693-A6FB-1EF797B2D09A}.Debug|x64.ActiveCfg = Debug|Any CPU
		{86E06CF4-E481-4693-A6FB-1EF797B2D09A}.Debug|x64.Build.0 = Debug|Any CPU
		{86E06CF4-E481-4693-A6FB-1EF797B2D09A}.Debug|x86.ActiveCfg = Debug|Any CPU
		{86E06CF4-E481-4693-A6FB-1EF797B2D09A}.Debug|x86.Build.0 = Debug|Any CPU
		{86E06CF4-E481-4693-A6FB-1EF797B2D09A}.Release|Any CPU.ActiveCfg = Release|Any CPU
		{86E06CF4-E481-4693-A6FB-1EF797B2D09A}.Release|Any CPU.Build.0 = Release|Any CPU
		{86E06CF4-E481-4693-A6FB-1EF797B2D09A}.Release|x64.ActiveCfg = Release|Any CPU
		{86E06CF4-E481-4693-A6FB-1EF797B2D09A}.Release|x64.Build.0 = Release|Any CPU
		{86E06CF4-E481-4693-A6FB-1EF797B2D09A}.Release|x86.ActiveCfg = Release|Any CPU
		{86E06CF4-E481-4693-A6FB-1EF797B2D09A}.Release|x86.Build.0 = Release|Any CPU
		{4FA2483A-FAB7-4DF8-98FB-4B43D3A787F7}.Debug|Any CPU.ActiveCfg = Debug|Any CPU
		{4FA2483A-FAB7-4DF8-98FB-4B43D3A787F7}.Debug|Any CPU.Build.0 = Debug|Any CPU
		{4FA2483A-FAB7-4DF8-98FB-4B43D3A787F7}.Debug|x64.ActiveCfg = Debug|Any CPU
		{4FA2483A-FAB7-4DF8-98FB-4B43D3A787F7}.Debug|x64.Build.0 = Debug|Any CPU
		{4FA2483A-FAB7-4DF8-98FB-4B43D3A787F7}.Debug|x86.ActiveCfg = Debug|Any CPU
		{4FA2483A-FAB7-4DF8-98FB-4B43D3A787F7}.Debug|x86.Build.0 = Debug|Any CPU
		{4FA2483A-FAB7-4DF8-98FB-4B43D3A787F7}.Release|Any CPU.ActiveCfg = Release|Any CPU
		{4FA2483A-FAB7-4DF8-98FB-4B43D3A787F7}.Release|Any CPU.Build.0 = Release|Any CPU
		{4FA2483A-FAB7-4DF8-98FB-4B43D3A787F7}.Release|x64.ActiveCfg = Release|Any CPU
		{4FA2483A-FAB7-4DF8-98FB-4B43D3A787F7}.Release|x64.Build.0 = Release|Any CPU
		{4FA2483A-FAB7-4DF8-98FB-4B43D3A787F7}.Release|x86.ActiveCfg = Release|Any CPU
		{4FA2483A-FAB7-4DF8-98FB-4B43D3A787F7}.Release|x86.Build.0 = Release|Any CPU
		{D8DA73B0-6BC0-4F23-9545-F5D3F7B86645}.Debug|Any CPU.ActiveCfg = Debug|Any CPU
		{D8DA73B0-6BC0-4F23-9545-F5D3F7B86645}.Debug|Any CPU.Build.0 = Debug|Any CPU
		{D8DA73B0-6BC0-4F23-9545-F5D3F7B86645}.Debug|x64.ActiveCfg = Debug|Any CPU
		{D8DA73B0-6BC0-4F23-9545-F5D3F7B86645}.Debug|x64.Build.0 = Debug|Any CPU
		{D8DA73B0-6BC0-4F23-9545-F5D3F7B86645}.Debug|x86.ActiveCfg = Debug|Any CPU
		{D8DA73B0-6BC0-4F23-9545-F5D3F7B86645}.Debug|x86.Build.0 = Debug|Any CPU
		{D8DA73B0-6BC0-4F23-9545-F5D3F7B86645}.Release|Any CPU.ActiveCfg = Release|Any CPU
		{D8DA73B0-6BC0-4F23-9545-F5D3F7B86645}.Release|Any CPU.Build.0 = Release|Any CPU
		{D8DA73B0-6BC0-4F23-9545-F5D3F7B86645}.Release|x64.ActiveCfg = Release|Any CPU
		{D8DA73B0-6BC0-4F23-9545-F5D3F7B86645}.Release|x64.Build.0 = Release|Any CPU
		{D8DA73B0-6BC0-4F23-9545-F5D3F7B86645}.Release|x86.ActiveCfg = Release|Any CPU
		{D8DA73B0-6BC0-4F23-9545-F5D3F7B86645}.Release|x86.Build.0 = Release|Any CPU
		{B2305B9F-901B-48F6-8868-021AD2541063}.Debug|Any CPU.ActiveCfg = Debug|Any CPU
		{B2305B9F-901B-48F6-8868-021AD2541063}.Debug|Any CPU.Build.0 = Debug|Any CPU
		{B2305B9F-901B-48F6-8868-021AD2541063}.Debug|x64.ActiveCfg = Debug|Any CPU
		{B2305B9F-901B-48F6-8868-021AD2541063}.Debug|x64.Build.0 = Debug|Any CPU
		{B2305B9F-901B-48F6-8868-021AD2541063}.Debug|x86.ActiveCfg = Debug|Any CPU
		{B2305B9F-901B-48F6-8868-021AD2541063}.Debug|x86.Build.0 = Debug|Any CPU
		{B2305B9F-901B-48F6-8868-021AD2541063}.Release|Any CPU.ActiveCfg = Release|Any CPU
		{B2305B9F-901B-48F6-8868-021AD2541063}.Release|Any CPU.Build.0 = Release|Any CPU
		{B2305B9F-901B-48F6-8868-021AD2541063}.Release|x64.ActiveCfg = Release|Any CPU
		{B2305B9F-901B-48F6-8868-021AD2541063}.Release|x64.Build.0 = Release|Any CPU
		{B2305B9F-901B-48F6-8868-021AD2541063}.Release|x86.ActiveCfg = Release|Any CPU
		{B2305B9F-901B-48F6-8868-021AD2541063}.Release|x86.Build.0 = Release|Any CPU
		{E878758B-ABDD-4DA8-B6D9-9591A3A4C65B}.Debug|Any CPU.ActiveCfg = Debug|Any CPU
		{E878758B-ABDD-4DA8-B6D9-9591A3A4C65B}.Debug|Any CPU.Build.0 = Debug|Any CPU
		{E878758B-ABDD-4DA8-B6D9-9591A3A4C65B}.Debug|x64.ActiveCfg = Debug|Any CPU
		{E878758B-ABDD-4DA8-B6D9-9591A3A4C65B}.Debug|x64.Build.0 = Debug|Any CPU
		{E878758B-ABDD-4DA8-B6D9-9591A3A4C65B}.Debug|x86.ActiveCfg = Debug|Any CPU
		{E878758B-ABDD-4DA8-B6D9-9591A3A4C65B}.Debug|x86.Build.0 = Debug|Any CPU
		{E878758B-ABDD-4DA8-B6D9-9591A3A4C65B}.Release|Any CPU.ActiveCfg = Release|Any CPU
		{E878758B-ABDD-4DA8-B6D9-9591A3A4C65B}.Release|Any CPU.Build.0 = Release|Any CPU
		{E878758B-ABDD-4DA8-B6D9-9591A3A4C65B}.Release|x64.ActiveCfg = Release|Any CPU
		{E878758B-ABDD-4DA8-B6D9-9591A3A4C65B}.Release|x64.Build.0 = Release|Any CPU
		{E878758B-ABDD-4DA8-B6D9-9591A3A4C65B}.Release|x86.ActiveCfg = Release|Any CPU
		{E878758B-ABDD-4DA8-B6D9-9591A3A4C65B}.Release|x86.Build.0 = Release|Any CPU
	EndGlobalSection
EndGlobal
